
Microsoft Visual Studio Solution File, Format Version 12.00
# Visual Studio 14
VisualStudioVersion = 14.0.25420.1
MinimumVisualStudioVersion = 10.0.40219.1
Project("{FAE04EC0-301F-11D3-BF4B-00C04F79EFBC}") = "ExelColumns", "ExelColumns\ExelColumns.csproj", "{0F22BC4A-9D22-479E-A73E-50885F133BCF}"
EndProject
Global
	GlobalSection(SolutionConfigurationPlatforms) = preSolution
		Debug|Any CPU = Debug|Any CPU
		Release|Any CPU = Release|Any CPU
	EndGlobalSection
	GlobalSection(ProjectConfigurationPlatforms) = postSolution
		{0F22BC4A-9D22-479E-A73E-50885F133BCF}.Debug|Any CPU.ActiveCfg = Debug|Any CPU
		{0F22BC4A-9D22-479E-A73E-50885F133BCF}.Debug|Any CPU.Build.0 = Debug|Any CPU
		{0F22BC4A-9D22-479E-A73E-50885F133BCF}.Release|Any CPU.ActiveCfg = Release|Any CPU
		{0F22BC4A-9D22-479E-A73E-50885F133BCF}.Release|Any CPU.Build.0 = Release|Any CPU
	EndGlobalSection
	GlobalSection(SolutionProperties) = preSolution
		HideSolutionNode = FALSE
	EndGlobalSection
EndGlobal
